
Microsoft Visual Studio Solution File, Format Version 12.00
# Visual Studio Version 16
VisualStudioVersion = 16.0.29411.108
MinimumVisualStudioVersion = 10.0.40219.1
Project("{FAE04EC0-301F-11D3-BF4B-00C04F79EFBC}") = "NevadaAttractions", "NevadaAttractions\NevadaAttractions.csproj", "{D2D04C5E-C617-417E-8A15-1AEAD42E2A7A}"
EndProject
Global
	GlobalSection(SolutionConfigurationPlatforms) = preSolution
		Debug|Any CPU = Debug|Any CPU
		Release|Any CPU = Release|Any CPU
	EndGlobalSection
	GlobalSection(ProjectConfigurationPlatforms) = postSolution
		{D2D04C5E-C617-417E-8A15-1AEAD42E2A7A}.Debug|Any CPU.ActiveCfg = Debug|Any CPU
		{D2D04C5E-C617-417E-8A15-1AEAD42E2A7A}.Debug|Any CPU.Build.0 = Debug|Any CPU
		{D2D04C5E-C617-417E-8A15-1AEAD42E2A7A}.Release|Any CPU.ActiveCfg = Release|Any CPU
		{D2D04C5E-C617-417E-8A15-1AEAD42E2A7A}.Release|Any CPU.Build.0 = Release|Any CPU
	EndGlobalSection
	GlobalSection(SolutionProperties) = preSolution
		HideSolutionNode = FALSE
	EndGlobalSection
	GlobalSection(ExtensibilityGlobals) = postSolution
		SolutionGuid = {737D9B8B-2101-453B-98B1-8947F6C5D91D}
	EndGlobalSection
EndGlobal
